
Microsoft Visual Studio Solution File, Format Version 12.00
# Visual Studio 15
VisualStudioVersion = 15.0.26730.16
MinimumVisualStudioVersion = 10.0.40219.1
Project("{FAE04EC0-301F-11D3-BF4B-00C04F79EFBC}") = "Framework", "Framework\Framework.csproj", "{33455557-E10F-44A4-9E41-951A7D36598B}"
EndProject
Project("{FAE04EC0-301F-11D3-BF4B-00C04F79EFBC}") = "QtpTests", "QtpTests\QtpTests.csproj", "{80586626-A8CD-4983-9F0A-D4FFF839AAB0}"
EndProject
Project("{FAE04EC0-301F-11D3-BF4B-00C04F79EFBC}") = "FrameworkTests", "FrameworkTests\FrameworkTests.csproj", "{FF892CA2-818D-4B0C-8589-D32D41137D2D}"
EndProject
Project("{FAE04EC0-301F-11D3-BF4B-00C04F79EFBC}") = "ElementInteractions", "ElementInteractions\ElementInteractions.csproj", "{B04B48B4-C824-4652-8CB7-67C898928BA4}"
EndProject
Project("{FAE04EC0-301F-11D3-BF4B-00C04F79EFBC}") = "SampleFramework1", "SampleFramework1\SampleFramework1.csproj", "{EA844634-8022-492C-8FD4-5C134D55F889}"
EndProject
Project("{FAE04EC0-301F-11D3-BF4B-00C04F79EFBC}") = "UserInteractions", "UserInteractions\UserInteractions.csproj", "{63209A76-007C-4EE0-BE13-4431A73A4E0E}"
EndProject
Project("{2150E333-8FDC-42A3-9474-1A3956D46DE8}") = "My Framework Tests", "My Framework Tests", "{FDF69DBA-5B93-4E10-B71F-959EA65B5A5C}"
EndProject
Project("{FAE04EC0-301F-11D3-BF4B-00C04F79EFBC}") = "ImplicitExplicitWaits", "ImplicitExplicitWaits\ImplicitExplicitWaits.csproj", "{1C47505D-3DAC-4367-B60C-798F6D79864B}"
EndProject
Project("{FAE04EC0-301F-11D3-BF4B-00C04F79EFBC}") = "TestsWithPOM", "TestsWithPOM\TestsWithPOM.csproj", "{F88D1A14-87D0-425F-9C28-6DAFF37E5316}"
EndProject
Project("{FAE04EC0-301F-11D3-BF4B-00C04F79EFBC}") = "MyFramework", "MyFramework\MyFramework.csproj", "{2649B888-AA19-4D0B-92D3-1CAA87803CAE}"
EndProject
Project("{FAE04EC0-301F-11D3-BF4B-00C04F79EFBC}") = "MyFrameworkTests", "MyFrameworkTests\MyFrameworkTests.csproj", "{6625F8F3-7ED7-4E7E-A339-E0D3E89CC475}"
EndProject
Global
	GlobalSection(SolutionConfigurationPlatforms) = preSolution
		Debug|Any CPU = Debug|Any CPU
		Release|Any CPU = Release|Any CPU
	EndGlobalSection
	GlobalSection(ProjectConfigurationPlatforms) = postSolution
		{33455557-E10F-44A4-9E41-951A7D36598B}.Debug|Any CPU.ActiveCfg = Debug|Any CPU
		{33455557-E10F-44A4-9E41-951A7D36598B}.Debug|Any CPU.Build.0 = Debug|Any CPU
		{33455557-E10F-44A4-9E41-951A7D36598B}.Release|Any CPU.ActiveCfg = Release|Any CPU
		{33455557-E10F-44A4-9E41-951A7D36598B}.Release|Any CPU.Build.0 = Release|Any CPU
		{80586626-A8CD-4983-9F0A-D4FFF839AAB0}.Debug|Any CPU.ActiveCfg = Debug|Any CPU
		{80586626-A8CD-4983-9F0A-D4FFF839AAB0}.Debug|Any CPU.Build.0 = Debug|Any CPU
		{80586626-A8CD-4983-9F0A-D4FFF839AAB0}.Release|Any CPU.ActiveCfg = Release|Any CPU
		{80586626-A8CD-4983-9F0A-D4FFF839AAB0}.Release|Any CPU.Build.0 = Release|Any CPU
		{FF892CA2-818D-4B0C-8589-D32D41137D2D}.Debug|Any CPU.ActiveCfg = Debug|Any CPU
		{FF892CA2-818D-4B0C-8589-D32D41137D2D}.Debug|Any CPU.Build.0 = Debug|Any CPU
		{FF892CA2-818D-4B0C-8589-D32D41137D2D}.Release|Any CPU.ActiveCfg = Release|Any CPU
		{FF892CA2-818D-4B0C-8589-D32D41137D2D}.Release|Any CPU.Build.0 = Release|Any CPU
		{B04B48B4-C824-4652-8CB7-67C898928BA4}.Debug|Any CPU.ActiveCfg = Debug|Any CPU
		{B04B48B4-C824-4652-8CB7-67C898928BA4}.Debug|Any CPU.Build.0 = Debug|Any CPU
		{B04B48B4-C824-4652-8CB7-67C898928BA4}.Release|Any CPU.ActiveCfg = Release|Any CPU
		{B04B48B4-C824-4652-8CB7-67C898928BA4}.Release|Any CPU.Build.0 = Release|Any CPU
		{EA844634-8022-492C-8FD4-5C134D55F889}.Debug|Any CPU.ActiveCfg = Debug|Any CPU
		{EA844634-8022-492C-8FD4-5C134D55F889}.Debug|Any CPU.Build.0 = Debug|Any CPU
		{EA844634-8022-492C-8FD4-5C134D55F889}.Release|Any CPU.ActiveCfg = Release|Any CPU
		{EA844634-8022-492C-8FD4-5C134D55F889}.Release|Any CPU.Build.0 = Release|Any CPU
		{63209A76-007C-4EE0-BE13-4431A73A4E0E}.Debug|Any CPU.ActiveCfg = Debug|Any CPU
		{63209A76-007C-4EE0-BE13-4431A73A4E0E}.Debug|Any CPU.Build.0 = Debug|Any CPU
		{63209A76-007C-4EE0-BE13-4431A73A4E0E}.Release|Any CPU.ActiveCfg = Release|Any CPU
		{63209A76-007C-4EE0-BE13-4431A73A4E0E}.Release|Any CPU.Build.0 = Release|Any CPU
		{1C47505D-3DAC-4367-B60C-798F6D79864B}.Debug|Any CPU.ActiveCfg = Debug|Any CPU
		{1C47505D-3DAC-4367-B60C-798F6D79864B}.Debug|Any CPU.Build.0 = Debug|Any CPU
		{1C47505D-3DAC-4367-B60C-798F6D79864B}.Release|Any CPU.ActiveCfg = Release|Any CPU
		{1C47505D-3DAC-4367-B60C-798F6D79864B}.Release|Any CPU.Build.0 = Release|Any CPU
		{F88D1A14-87D0-425F-9C28-6DAFF37E5316}.Debug|Any CPU.ActiveCfg = Debug|Any CPU
		{F88D1A14-87D0-425F-9C28-6DAFF37E5316}.Debug|Any CPU.Build.0 = Debug|Any CPU
		{F88D1A14-87D0-425F-9C28-6DAFF37E5316}.Release|Any CPU.ActiveCfg = Release|Any CPU
		{F88D1A14-87D0-425F-9C28-6DAFF37E5316}.Release|Any CPU.Build.0 = Release|Any CPU
		{2649B888-AA19-4D0B-92D3-1CAA87803CAE}.Debug|Any CPU.ActiveCfg = Debug|Any CPU
		{2649B888-AA19-4D0B-92D3-1CAA87803CAE}.Debug|Any CPU.Build.0 = Debug|Any CPU
		{2649B888-AA19-4D0B-92D3-1CAA87803CAE}.Release|Any CPU.ActiveCfg = Release|Any CPU
		{2649B888-AA19-4D0B-92D3-1CAA87803CAE}.Release|Any CPU.Build.0 = Release|Any CPU
		{6625F8F3-7ED7-4E7E-A339-E0D3E89CC475}.Debug|Any CPU.ActiveCfg = Debug|Any CPU
		{6625F8F3-7ED7-4E7E-A339-E0D3E89CC475}.Debug|Any CPU.Build.0 = Debug|Any CPU
		{6625F8F3-7ED7-4E7E-A339-E0D3E89CC475}.Release|Any CPU.ActiveCfg = Release|Any CPU
		{6625F8F3-7ED7-4E7E-A339-E0D3E89CC475}.Release|Any CPU.Build.0 = Release|Any CPU
	EndGlobalSection
	GlobalSection(SolutionProperties) = preSolution
		HideSolutionNode = FALSE
	EndGlobalSection
	GlobalSection(NestedProjects) = preSolution
		{2649B888-AA19-4D0B-92D3-1CAA87803CAE} = {FDF69DBA-5B93-4E10-B71F-959EA65B5A5C}
		{6625F8F3-7ED7-4E7E-A339-E0D3E89CC475} = {FDF69DBA-5B93-4E10-B71F-959EA65B5A5C}
	EndGlobalSection
	GlobalSection(ExtensibilityGlobals) = postSolution
		SolutionGuid = {5E063D8C-0C0B-42C1-9924-75B58CBBDD2C}
	EndGlobalSection
EndGlobal
